
Microsoft Visual Studio Solution File, Format Version 12.00
# Visual Studio 15
VisualStudioVersion = 15.0.28307.438
MinimumVisualStudioVersion = 10.0.40219.1
Project("{FAE04EC0-301F-11D3-BF4B-00C04F79EFBC}") = "Patterns_Lab3", "Patterns_Lab3\Patterns_Lab3.csproj", "{B78592BB-2DA1-4391-8507-DE70FFED7D36}"
EndProject
Global
	GlobalSection(SolutionConfigurationPlatforms) = preSolution
		Debug|Any CPU = Debug|Any CPU
		Release|Any CPU = Release|Any CPU
	EndGlobalSection
	GlobalSection(ProjectConfigurationPlatforms) = postSolution
		{B78592BB-2DA1-4391-8507-DE70FFED7D36}.Debug|Any CPU.ActiveCfg = Debug|Any CPU
		{B78592BB-2DA1-4391-8507-DE70FFED7D36}.Debug|Any CPU.Build.0 = Debug|Any CPU
		{B78592BB-2DA1-4391-8507-DE70FFED7D36}.Release|Any CPU.ActiveCfg = Release|Any CPU
		{B78592BB-2DA1-4391-8507-DE70FFED7D36}.Release|Any CPU.Build.0 = Release|Any CPU
	EndGlobalSection
	GlobalSection(SolutionProperties) = preSolution
		HideSolutionNode = FALSE
	EndGlobalSection
	GlobalSection(ExtensibilityGlobals) = postSolution
		SolutionGuid = {9295757B-FDCB-4817-A66D-ACE636B8F0C8}
	EndGlobalSection
EndGlobal
